using System;
using System.Collections.Generic;
using System.ComponentModel;
using System.Data;
using System.Drawing;
using System.Linq;
using System.Text;
using System.Threading.Tasks;
using System.Windows.Forms;

namespace WinFormsApp1
{
    public partial class Form1 : Form
    {
        public Form1()
        {
            InitializeComponent();
        }

        private void pictureBox1_Click(object sender, EventArgs e)
        {

            while (true)
            {
                Console.Beep(587, 250);
                Console.Beep(587, 250);
                Console.Beep(1175, 500);
                Console.Beep(440, 750);
                Console.Beep(415, 500);
                Console.Beep(392, 500);
                Console.Beep(349, 500);
                Console.Beep(293, 250);
                Console.Beep(349, 250);
                Console.Beep(392, 250);

                Console.Beep(523, 250);
                Console.Beep(523, 250);
                Console.Beep(1175, 500);
                Console.Beep(440, 750);
                Console.Beep(415, 500);
                Console.Beep(392, 500);
                Console.Beep(349, 500);
                Console.Beep(293, 250);
                Console.Beep(349, 250);
                Console.Beep(392, 250);

                Console.Beep(493, 250);
                Console.Beep(493, 250);
                Console.Beep(1175, 500);
                Console.Beep(440, 750);
                Console.Beep(415, 500);
                Console.Beep(392, 500);
                Console.Beep(349, 500);
                Console.Beep(293, 250);
                Console.Beep(349, 250);
                Console.Beep(392, 250);

                Console.Beep(466, 250);
                Console.Beep(466, 250);
                Console.Beep(1175, 500);
                Console.Beep(440, 750);
                Console.Beep(415, 500);
                Console.Beep(392, 500);
                Console.Beep(349, 500);
                Console.Beep(293, 250);
                Console.Beep(349, 250);
                Console.Beep(392, 250);


            }
        }
    }
}
